// !$*UTF8*$!
{
	archiveVersion = 1;
	classes = {
	};
	objectVersion = 46;
	objects = {

/* Begin PBXBuildFile section */
		F42F39761C66E927002AF9F0 /* AppDelegate.swift in Sources */ = {isa = PBXBuildFile; fileRef = F42F39751C66E927002AF9F0 /* AppDelegate.swift */; };
		F42F39781C66E927002AF9F0 /* ViewController.swift in Sources */ = {isa = PBXBuildFile; fileRef = F42F39771C66E927002AF9F0 /* ViewController.swift */; };
		F42F397B1C66E927002AF9F0 /* Main.storyboard in Resources */ = {isa = PBXBuildFile; fileRef = F42F39791C66E927002AF9F0 /* Main.storyboard */; };
		F42F397D1C66E927002AF9F0 /* Assets.xcassets in Resources */ = {isa = PBXBuildFile; fileRef = F42F397C1C66E927002AF9F0 /* Assets.xcassets */; };
		F42F39801C66E927002AF9F0 /* LaunchScreen.storyboard in Resources */ = {isa = PBXBuildFile; fileRef = F42F397E1C66E927002AF9F0 /* LaunchScreen.storyboard */; };
		F42F398B1C66E927002AF9F0 /* Tarea_para_subirTests.swift in Sources */ = {isa = PBXBuildFile; fileRef = F42F398A1C66E927002AF9F0 /* Tarea_para_subirTests.swift */; };
		F42F39961C66E928002AF9F0 /* Tarea_para_subirUITests.swift in Sources */ = {isa = PBXBuildFile; fileRef = F42F39951C66E928002AF9F0 /* Tarea_para_subirUITests.swift */; };
/* End PBXBuildFile section */

/* Begin PBXContainerItemProxy section */
		F42F39871C66E927002AF9F0 /* PBXContainerItemProxy */ = {
			isa = PBXContainerItemProxy;
			containerPortal = F42F396A1C66E927002AF9F0 /* Project object */;
			proxyType = 1;
			remoteGlobalIDString = F42F39711C66E927002AF9F0;
			remoteInfo = "Tarea para subir";
		};
		F42F39921C66E928002AF9F0 /* PBXContainerItemProxy */ = {
			isa = PBXContainerItemProxy;
			containerPortal = F42F396A1C66E927002AF9F0 /* Project object */;
			proxyType = 1;
			remoteGlobalIDString = F42F39711C66E927002AF9F0;
			remoteInfo = "Tarea para subir";
		};
/* End PBXContainerItemProxy section */

/* Begin PBXFileReference section */
		F42F39721C66E927002AF9F0 /* Tarea para subir.app */ = {isa = PBXFileReference; explicitFileType = wrapper.application; includeInIndex = 0; path = "Tarea para subir.app"; sourceTree = BUILT_PRODUCTS_DIR; };
		F42F39751C66E927002AF9F0 /* AppDelegate.swift */ = {isa = PBXFileReference; lastKnownFileType = sourcecode.swift; path = AppDelegate.swift; sourceTree = "<group>"; };
		F42F39771C66E927002AF9F0 /* ViewController.swift */ = {isa = PBXFileReference; lastKnownFileType = sourcecode.swift; path = ViewController.swift; sourceTree = "<group>"; };
		F42F397A1C66E927002AF9F0 /* Base */ = {isa = PBXFileReference; lastKnownFileType = file.storyboard; name = Base; path = Base.lproj/Main.storyboard; sourceTree = "<group>"; };
		F42F397C1C66E927002AF9F0 /* Assets.xcassets */ = {isa = PBXFileReference; lastKnownFileType = folder.assetcatalog; path = Assets.xcassets; sourceTree = "<group>"; };
		F42F397F1C66E927002AF9F0 /* Base */ = {isa = PBXFileReference; lastKnownFileType = file.storyboard; name = Base; path = Base.lproj/LaunchScreen.storyboard; sourceTree = "<group>"; };
		F42F39811C66E927002AF9F0 /* Info.plist */ = {isa = PBXFileReference; lastKnownFileType = text.plist.xml; path = Info.plist; sourceTree = "<group>"; };
		F42F39861C66E927002AF9F0 /* Tarea para subirTests.xctest */ = {isa = PBXFileReference; explicitFileType = wrapper.cfbundle; includeInIndex = 0; path = "Tarea para subirTests.xctest"; sourceTree = BUILT_PRODUCTS_DIR; };
		F42F398A1C66E927002AF9F0 /* Tarea_para_subirTests.swift */ = {isa = PBXFileReference; lastKnownFileType = sourcecode.swift; path = Tarea_para_subirTests.swift; sourceTree = "<group>"; };
		F42F398C1C66E927002AF9F0 /* Info.plist */ = {isa = PBXFileReference; lastKnownFileType = text.plist.xml; path = Info.plist; sourceTree = "<group>"; };
		F42F39911C66E928002AF9F0 /* Tarea para subirUITests.xctest */ = {isa = PBXFileReference; explicitFileType = wrapper.cfbundle; includeInIndex = 0; path = "Tarea para subirUITests.xctest"; sourceTree = BUILT_PRODUCTS_DIR; };
		F42F39951C66E928002AF9F0 /* Tarea_para_subirUITests.swift */ = {isa = PBXFileReference; lastKnownFileType = sourcecode.swift; path = Tarea_para_subirUITests.swift; sourceTree = "<group>"; };
		F42F39971C66E928002AF9F0 /* Info.plist */ = {isa = PBXFileReference; lastKnownFileType = text.plist.xml; path = Info.plist; sourceTree = "<group>"; };
/* End PBXFileReference section */

/* Begin PBXFrameworksBuildPhase section */
		F42F396F1C66E927002AF9F0 /* Frameworks */ = {
			isa = PBXFrameworksBuildPhase;
			buildActionMask = 2147483647;
			files = (
			);
			runOnlyForDeploymentPostprocessing = 0;
		};
		F42F39831C66E927002AF9F0 /* Frameworks */ = {
			isa = PBXFrameworksBuildPhase;
			buildActionMask = 2147483647;
			files = (
			);
			runOnlyForDeploymentPostprocessing = 0;
		};
		F42F398E1C66E928002AF9F0 /* Frameworks */ = {
			isa = PBXFrameworksBuildPhase;
			buildActionMask = 2147483647;
			files = (
			);
			runOnlyForDeploymentPostprocessing = 0;
		};
/* End PBXFrameworksBuildPhase section */

/* Begin PBXGroup section */
		F42F39691C66E927002AF9F0 = {
			isa = PBXGroup;
			children = (
				F42F39741C66E927002AF9F0 /* Tarea para subir */,
				F42F39891C66E927002AF9F0 /* Tarea para subirTests */,
				F42F39941C66E928002AF9F0 /* Tarea para subirUITests */,
				F42F39731C66E927002AF9F0 /* Products */,
			);
			sourceTree = "<group>";
		};
		F42F39731C66E927002AF9F0 /* Products */ = {
			isa = PBXGroup;
			children = (
				F42F39721C66E927002AF9F0 /* Tarea para subir.app */,
				F42F39861C66E927002AF9F0 /* Tarea para subirTests.xctest */,
				F42F39911C66E928002AF9F0 /* Tarea para subirUITests.xctest */,
			);
			name = Products;
			sourceTree = "<group>";
		};
		F42F39741C66E927002AF9F0 /* Tarea para subir */ = {
			isa = PBXGroup;
			children = (
				F42F39751C66E927002AF9F0 /* AppDelegate.swift */,
				F42F39771C66E927002AF9F0 /* ViewController.swift */,
				F42F39791C66E927002AF9F0 /* Main.storyboard */,
				F42F397C1C66E927002AF9F0 /* Assets.xcassets */,
				F42F397E1C66E927002AF9F0 /* LaunchScreen.storyboard */,
				F42F39811C66E927002AF9F0 /* Info.plist */,
			);
			path = "Tarea para subir";
			sourceTree = "<group>";
		};
		F42F39891C66E927002AF9F0 /* Tarea para subirTests */ = {
			isa = PBXGroup;
			children = (
				F42F398A1C66E927002AF9F0 /* Tarea_para_subirTests.swift */,
				F42F398C1C66E927002AF9F0 /* Info.plist */,
			);
			path = "Tarea para subirTests";
			sourceTree = "<group>";
		};
		F42F39941C66E928002AF9F0 /* Tarea para subirUITests */ = {
			isa = PBXGroup;
			children = (
				F42F39951C66E928002AF9F0 /* Tarea_para_subirUITests.swift */,
				F42F39971C66E928002AF9F0 /* Info.plist */,
			);
			path = "Tarea para subirUITests";
			sourceTree = "<group>";
		};
/* End PBXGroup section */

/* Begin PBXNativeTarget section */
		F42F39711C66E927002AF9F0 /* Tarea para subir */ = {
			isa = PBXNativeTarget;
			buildConfigurationList = F42F399A1C66E928002AF9F0 /* Build configuration list for PBXNativeTarget "Tarea para subir" */;
			buildPhases = (
				F42F396E1C66E927002AF9F0 /* Sources */,
				F42F396F1C66E927002AF9F0 /* Frameworks */,
				F42F39701C66E927002AF9F0 /* Resources */,
			);
			buildRules = (
			);
			dependencies = (
			);
			name = "Tarea para subir";
			productName = "Tarea para subir";
			productReference = F42F39721C66E927002AF9F0 /* Tarea para subir.app */;
			productType = "com.apple.product-type.application";
		};
		F42F39851C66E927002AF9F0 /* Tarea para subirTests */ = {
			isa = PBXNativeTarget;
			buildConfigurationList = F42F399D1C66E928002AF9F0 /* Build configuration list for PBXNativeTarget "Tarea para subirTests" */;
			buildPhases = (
				F42F39821C66E927002AF9F0 /* Sources */,
				F42F39831C66E927002AF9F0 /* Frameworks */,
				F42F39841C66E927002AF9F0 /* Resources */,
			);
			buildRules = (
			);
			dependencies = (
				F42F39881C66E927002AF9F0 /* PBXTargetDependency */,
			);
			name = "Tarea para subirTests";
			productName = "Tarea para subirTests";
			productReference = F42F39861C66E927002AF9F0 /* Tarea para subirTests.xctest */;
			productType = "com.apple.product-type.bundle.unit-test";
		};
		F42F39901C66E928002AF9F0 /* Tarea para subirUITests */ = {
			isa = PBXNativeTarget;
			buildConfigurationList = F42F39A01C66E928002AF9F0 /* Build configuration list for PBXNativeTarget "Tarea para subirUITests" */;
			buildPhases = (
				F42F398D1C66E928002AF9F0 /* Sources */,
				F42F398E1C66E928002AF9F0 /* Frameworks */,
				F42F398F1C66E928002AF9F0 /* Resources */,
			);
			buildRules = (
			);
			dependencies = (
				F42F39931C66E928002AF9F0 /* PBXTargetDependency */,
			);
			name = "Tarea para subirUITests";
			productName = "Tarea para subirUITests";
			productReference = F42F39911C66E928002AF9F0 /* Tarea para subirUITests.xctest */;
			productType = "com.apple.product-type.bundle.ui-testing";
		};
/* End PBXNativeTarget section */

/* Begin PBXProject section */
		F42F396A1C66E927002AF9F0 /* Project object */ = {
			isa = PBXProject;
			attributes = {
				LastSwiftUpdateCheck = 0730;
				LastUpgradeCheck = 0730;
				ORGANIZATIONNAME = "Julio Cesar Renteria Navarro";
				TargetAttributes = {
					F42F39711C66E927002AF9F0 = {
						CreatedOnToolsVersion = 7.3;
					};
					F42F39851C66E927002AF9F0 = {
						CreatedOnToolsVersion = 7.3;
						TestTargetID = F42F39711C66E927002AF9F0;
					};
					F42F39901C66E928002AF9F0 = {
						CreatedOnToolsVersion = 7.3;
						TestTargetID = F42F39711C66E927002AF9F0;
					};
				};
			};
			buildConfigurationList = F42F396D1C66E927002AF9F0 /* Build configuration list for PBXProject "Tarea para subir" */;
			compatibilityVersion = "Xcode 3.2";
			developmentRegion = English;
			hasScannedForEncodings = 0;
			knownRegions = (
				en,
				Base,
			);
			mainGroup = F42F39691C66E927002AF9F0;
			productRefGroup = F42F39731C66E927002AF9F0 /* Products */;
			projectDirPath = "";
			projectRoot = "";
			targets = (
				F42F39711C66E927002AF9F0 /* Tarea para subir */,
				F42F39851C66E927002AF9F0 /* Tarea para subirTests */,
				F42F39901C66E928002AF9F0 /* Tarea para subirUITests */,
			);
		};
/* End PBXProject section */

/* Begin PBXResourcesBuildPhase section */
		F42F39701C66E927002AF9F0 /* Resources */ = {
			isa = PBXResourcesBuildPhase;
			buildActionMask = 2147483647;
			files = (
				F42F39801C66E927002AF9F0 /* LaunchScreen.storyboard in Resources */,
				F42F397D1C66E927002AF9F0 /* Assets.xcassets in Resources */,
				F42F397B1C66E927002AF9F0 /* Main.storyboard in Resources */,
			);
			runOnlyForDeploymentPostprocessing = 0;
		};
		F42F39841C66E927002AF9F0 /* Resources */ = {
			isa = PBXResourcesBuildPhase;
			buildActionMask = 2147483647;
			files = (
			);
			runOnlyForDeploymentPostprocessing = 0;
		};
		F42F398F1C66E928002AF9F0 /* Resources */ = {
			isa = PBXResourcesBuildPhase;
			buildActionMask = 2147483647;
			files = (
			);
			runOnlyForDeploymentPostprocessing = 0;
		};
/* End PBXResourcesBuildPhase section */

/* Begin PBXSourcesBuildPhase section */
		F42F396E1C66E927002AF9F0 /* Sources */ = {
			isa = PBXSourcesBuildPhase;
			buildActionMask = 2147483647;
			files = (
				F42F39781C66E927002AF9F0 /* ViewController.swift in Sources */,
				F42F39761C66E927002AF9F0 /* AppDelegate.swift in Sources */,
			);
			runOnlyForDeploymentPostprocessing = 0;
		};
		F42F39821C66E927002AF9F0 /* Sources */ = {
			isa = PBXSourcesBuildPhase;
			buildActionMask = 2147483647;
			files = (
				F42F398B1C66E927002AF9F0 /* Tarea_para_subirTests.swift in Sources */,
			);
			runOnlyForDeploymentPostprocessing = 0;
		};
		F42F398D1C66E928002AF9F0 /* Sources */ = {
			isa = PBXSourcesBuildPhase;
			buildActionMask = 2147483647;
			files = (
				F42F39961C66E928002AF9F0 /* Tarea_para_subirUITests.swift in Sources */,
			);
			runOnlyForDeploymentPostprocessing = 0;
		};
/* End PBXSourcesBuildPhase section */

/* Begin PBXTargetDependency section */
		F42F39881C66E927002AF9F0 /* PBXTargetDependency */ = {
			isa = PBXTargetDependency;
			target = F42F39711C66E927002AF9F0 /* Tarea para subir */;
			targetProxy = F42F39871C66E927002AF9F0 /* PBXContainerItemProxy */;
		};
		F42F39931C66E928002AF9F0 /* PBXTargetDependency */ = {
			isa = PBXTargetDependency;
			target = F42F39711C66E927002AF9F0 /* Tarea para subir */;
			targetProxy = F42F39921C66E928002AF9F0 /* PBXContainerItemProxy */;
		};
/* End PBXTargetDependency section */

/* Begin PBXVariantGroup section */
		F42F39791C66E927002AF9F0 /* Main.storyboard */ = {
			isa = PBXVariantGroup;
			children = (
				F42F397A1C66E927002AF9F0 /* Base */,
			);
			name = Main.storyboard;
			sourceTree = "<group>";
		};
		F42F397E1C66E927002AF9F0 /* LaunchScreen.storyboard */ = {
			isa = PBXVariantGroup;
			children = (
				F42F397F1C66E927002AF9F0 /* Base */,
			);
			name = LaunchScreen.storyboard;
			sourceTree = "<group>";
		};
/* End PBXVariantGroup section */

/* Begin XCBuildConfiguration section */
		F42F39981C66E928002AF9F0 /* Debug */ = {
			isa = XCBuildConfiguration;
			buildSettings = {
				ALWAYS_SEARCH_USER_PATHS = NO;
				CLANG_CXX_LANGUAGE_STANDARD = "gnu++0x";
				CLANG_CXX_LIBRARY = "libc++";
				CLANG_ENABLE_MODULES = YES;
				CLANG_ENABLE_OBJC_ARC = YES;
				CLANG_WARN_BOOL_CONVERSION = YES;
				CLANG_WARN_CONSTANT_CONVERSION = YES;
				CLANG_WARN_DIRECT_OBJC_ISA_USAGE = YES_ERROR;
				CLANG_WARN_EMPTY_BODY = YES;
				CLANG_WARN_ENUM_CONVERSION = YES;
				CLANG_WARN_INT_CONVERSION = YES;
				CLANG_WARN_OBJC_ROOT_CLASS = YES_ERROR;
				CLANG_WARN_UNREACHABLE_CODE = YES;
				CLANG_WARN__DUPLICATE_METHOD_MATCH = YES;
				"CODE_SIGN_IDENTITY[sdk=iphoneos*]" = "iPhone Developer";
				COPY_PHASE_STRIP = NO;
				DEBUG_INFORMATION_FORMAT = dwarf;
				ENABLE_STRICT_OBJC_MSGSEND = YES;
				ENABLE_TESTABILITY = YES;
				GCC_C_LANGUAGE_STANDARD = gnu99;
				GCC_DYNAMIC_NO_PIC = NO;
				GCC_NO_COMMON_BLOCKS = YES;
				GCC_OPTIMIZATION_LEVEL = 0;
				GCC_PREPROCESSOR_DEFINITIONS = (
					"DEBUG=1",
					"$(inherited)",
				);
				GCC_WARN_64_TO_32_BIT_CONVERSION = YES;
				GCC_WARN_ABOUT_RETURN_TYPE = YES_ERROR;
				GCC_WARN_UNDECLARED_SELECTOR = YES;
				GCC_WARN_UNINITIALIZED_AUTOS = YES_AGGRESSIVE;
				GCC_WARN_UNUSED_FUNCTION = YES;
				GCC_WARN_UNUSED_VARIABLE = YES;
				IPHONEOS_DEPLOYMENT_TARGET = 9.3;
				MTL_ENABLE_DEBUG_INFO = YES;
				ONLY_ACTIVE_ARCH = YES;
				SDKROOT = iphoneos;
				SWIFT_OPTIMIZATION_LEVEL = "-Onone";
			};
			name = Debug;
		};
		F42F39991C66E928002AF9F0 /* Release */ = {
			isa = XCBuildConfiguration;
			buildSettings = {
				ALWAYS_SEARCH_USER_PATHS = NO;
				CLANG_CXX_LANGUAGE_STANDARD = "gnu++0x";
				CLANG_CXX_LIBRARY = "libc++";
				CLANG_ENABLE_MODULES = YES;
				CLANG_ENABLE_OBJC_ARC = YES;
				CLANG_WARN_BOOL_CONVERSION = YES;
				CLANG_WARN_CONSTANT_CONVERSION = YES;
				CLANG_WARN_DIRECT_OBJC_ISA_USAGE = YES_ERROR;
				CLANG_WARN_EMPTY_BODY = YES;
				CLANG_WARN_ENUM_CONVERSION = YES;
				CLANG_WARN_INT_CONVERSION = YES;
				CLANG_WARN_OBJC_ROOT_CLASS = YES_ERROR;
				CLANG_WARN_UNREACHABLE_CODE = YES;
				CLANG_WARN__DUPLICATE_METHOD_MATCH = YES;
				"CODE_SIGN_IDENTITY[sdk=iphoneos*]" = "iPhone Developer";
				COPY_PHASE_STRIP = NO;
				DEBUG_INFORMATION_FORMAT = "dwarf-with-dsym";
				ENABLE_NS_ASSERTIONS = NO;
				ENABLE_STRICT_OBJC_MSGSEND = YES;
				GCC_C_LANGUAGE_STANDARD = gnu99;
				GCC_NO_COMMON_BLOCKS = YES;
				GCC_WARN_64_TO_32_BIT_CONVERSION = YES;
				GCC_WARN_ABOUT_RETURN_TYPE = YES_ERROR;
				GCC_WARN_UNDECLARED_SELECTOR = YES;
				GCC_WARN_UNINITIALIZED_AUTOS = YES_AGGRESSIVE;
				GCC_WARN_UNUSED_FUNCTION = YES;
				GCC_WARN_UNUSED_VARIABLE = YES;
				IPHONEOS_DEPLOYMENT_TARGET = 9.3;
				MTL_ENABLE_DEBUG_INFO = NO;
				SDKROOT = iphoneos;
				VALIDATE_PRODUCT = YES;
			};
			name = Release;
		};
		F42F399B1C66E928002AF9F0 /* Debug */ = {
			isa = XCBuildConfiguration;
			buildSettings = {
				ASSETCATALOG_COMPILER_APPICON_NAME = AppIcon;
				INFOPLIST_FILE = "Tarea para subir/Info.plist";
				LD_RUNPATH_SEARCH_PATHS = "$(inherited) @executable_path/Frameworks";
				PRODUCT_BUNDLE_IDENTIFIER = "Tec.Tarea-para-subir";
				PRODUCT_NAME = "$(TARGET_NAME)";
			};
			name = Debug;
		};
		F42F399C1C66E928002AF9F0 /* Release */ = {
			isa = XCBuildConfiguration;
			buildSettings = {
				ASSETCATALOG_COMPILER_APPICON_NAME = AppIcon;
				INFOPLIST_FILE = "Tarea para subir/Info.plist";
				LD_RUNPATH_SEARCH_PATHS = "$(inherited) @executable_path/Frameworks";
				PRODUCT_BUNDLE_IDENTIFIER = "Tec.Tarea-para-subir";
				PRODUCT_NAME = "$(TARGET_NAME)";
			};
			name = Release;
		};
		F42F399E1C66E928002AF9F0 /* Debug */ = {
			isa = XCBuildConfiguration;
			buildSettings = {
				BUNDLE_LOADER = "$(TEST_HOST)";
				INFOPLIST_FILE = "Tarea para subirTests/Info.plist";
				LD_RUNPATH_SEARCH_PATHS = "$(inherited) @executable_path/Frameworks @loader_path/Frameworks";
				PRODUCT_BUNDLE_IDENTIFIER = "Tec.Tarea-para-subirTests";
				PRODUCT_NAME = "$(TARGET_NAME)";
				TEST_HOST = "$(BUILT_PRODUCTS_DIR)/Tarea para subir.app/Tarea para subir";
			};
			name = Debug;
		};
		F42F399F1C66E928002AF9F0 /* Release */ = {
			isa = XCBuildConfiguration;
			buildSettings = {
				BUNDLE_LOADER = "$(TEST_HOST)";
				INFOPLIST_FILE = "Tarea para subirTests/Info.plist";
				LD_RUNPATH_SEARCH_PATHS = "$(inherited) @executable_path/Frameworks @loader_path/Frameworks";
				PRODUCT_BUNDLE_IDENTIFIER = "Tec.Tarea-para-subirTests";
				PRODUCT_NAME = "$(TARGET_NAME)";
				TEST_HOST = "$(BUILT_PRODUCTS_DIR)/Tarea para subir.app/Tarea para subir";
			};
			name = Release;
		};
		F42F39A11C66E928002AF9F0 /* Debug */ = {
			isa = XCBuildConfiguration;
			buildSettings = {
				INFOPLIST_FILE = "Tarea para subirUITests/Info.plist";
				LD_RUNPATH_SEARCH_PATHS = "$(inherited) @executable_path/Frameworks @loader_path/Frameworks";
				PRODUCT_BUNDLE_IDENTIFIER = "Tec.Tarea-para-subirUITests";
				PRODUCT_NAME = "$(TARGET_NAME)";
				TEST_TARGET_NAME = "Tarea para subir";
			};
			name = Debug;
		};
		F42F39A21C66E928002AF9F0 /* Release */ = {
			isa = XCBuildConfiguration;
			buildSettings = {
				INFOPLIST_FILE = "Tarea para subirUITests/Info.plist";
				LD_RUNPATH_SEARCH_PATHS = "$(inherited) @executable_path/Frameworks @loader_path/Frameworks";
				PRODUCT_BUNDLE_IDENTIFIER = "Tec.Tarea-para-subirUITests";
				PRODUCT_NAME = "$(TARGET_NAME)";
				TEST_TARGET_NAME = "Tarea para subir";
			};
			name = Release;
		};
/* End XCBuildConfiguration section */

/* Begin XCConfigurationList section */
		F42F396D1C66E927002AF9F0 /* Build configuration list for PBXProject "Tarea para subir" */ = {
			isa = XCConfigurationList;
			buildConfigurations = (
				F42F39981C66E928002AF9F0 /* Debug */,
				F42F39991C66E928002AF9F0 /* Release */,
			);
			defaultConfigurationIsVisible = 0;
			defaultConfigurationName = Release;
		};
		F42F399A1C66E928002AF9F0 /* Build configuration list for PBXNativeTarget "Tarea para subir" */ = {
			isa = XCConfigurationList;
			buildConfigurations = (
				F42F399B1C66E928002AF9F0 /* Debug */,
				F42F399C1C66E928002AF9F0 /* Release */,
			);
			defaultConfigurationIsVisible = 0;
		};
		F42F399D1C66E928002AF9F0 /* Build configuration list for PBXNativeTarget "Tarea para subirTests" */ = {
			isa = XCConfigurationList;
			buildConfigurations = (
				F42F399E1C66E928002AF9F0 /* Debug */,
				F42F399F1C66E928002AF9F0 /* Release */,
			);
			defaultConfigurationIsVisible = 0;
		};
		F42F39A01C66E928002AF9F0 /* Build configuration list for PBXNativeTarget "Tarea para subirUITests" */ = {
			isa = XCConfigurationList;
			buildConfigurations = (
				F42F39A11C66E928002AF9F0 /* Debug */,
				F42F39A21C66E928002AF9F0 /* Release */,
			);
			defaultConfigurationIsVisible = 0;
		};
/* End XCConfigurationList section */
	};
	rootObject = F42F396A1C66E927002AF9F0 /* Project object */;
}
